
Microsoft Visual Studio Solution File, Format Version 12.00
# Visual Studio 15
VisualStudioVersion = 15.0.28307.329
MinimumVisualStudioVersion = 10.0.40219.1
Project("{FAE04EC0-301F-11D3-BF4B-00C04F79EFBC}") = "LoginWithNotifyApp", "LoginWithNotifyApp\LoginWithNotifyApp.csproj", "{C750631D-4EAC-4189-82A0-3B2329365CED}"
EndProject
Global
	GlobalSection(SolutionConfigurationPlatforms) = preSolution
		Debug|Any CPU = Debug|Any CPU
		Release|Any CPU = Release|Any CPU
	EndGlobalSection
	GlobalSection(ProjectConfigurationPlatforms) = postSolution
		{C750631D-4EAC-4189-82A0-3B2329365CED}.Debug|Any CPU.ActiveCfg = Debug|Any CPU
		{C750631D-4EAC-4189-82A0-3B2329365CED}.Debug|Any CPU.Build.0 = Debug|Any CPU
		{C750631D-4EAC-4189-82A0-3B2329365CED}.Release|Any CPU.ActiveCfg = Release|Any CPU
		{C750631D-4EAC-4189-82A0-3B2329365CED}.Release|Any CPU.Build.0 = Release|Any CPU
	EndGlobalSection
	GlobalSection(SolutionProperties) = preSolution
		HideSolutionNode = FALSE
	EndGlobalSection
	GlobalSection(ExtensibilityGlobals) = postSolution
		SolutionGuid = {E580EA76-4F0E-4F02-AE3F-29FA1B920C24}
	EndGlobalSection
EndGlobal
